// !$*UTF8*$!
{
	archiveVersion = 1;
	classes = {
	};
	objectVersion = 46;
	objects = {

/* Begin PBXBuildFile section */
		053FD7191AB096450031266C /* KGTimer.h in Headers */ = {isa = PBXBuildFile; fileRef = 053FD7181AB096450031266C /* KGTimer.h */; settings = {ATTRIBUTES = (Public, ); }; };
		057D49D31AB0AC3600AF3059 /* Coconut.framework in Frameworks */ = {isa = PBXBuildFile; fileRef = 057D49D21AB0AC3600AF3059 /* Coconut.framework */; };
		057D49EE1AB0ACFA00AF3059 /* KGTimer.framework in Frameworks */ = {isa = PBXBuildFile; fileRef = 057D49ED1AB0ACFA00AF3059 /* KGTimer.framework */; };
		05BDC4131AB0A2C400C820E7 /* KGTimerLabel.h in Headers */ = {isa = PBXBuildFile; fileRef = 05BDC4111AB0A2C400C820E7 /* KGTimerLabel.h */; settings = {ATTRIBUTES = (Public, ); }; };
		05BDC4141AB0A2C400C820E7 /* KGTimerLabel.m in Sources */ = {isa = PBXBuildFile; fileRef = 05BDC4121AB0A2C400C820E7 /* KGTimerLabel.m */; };
		05BDC4271AB0A53700C820E7 /* AppDelegate.m in Sources */ = {isa = PBXBuildFile; fileRef = 05BDC4261AB0A53700C820E7 /* AppDelegate.m */; };
		05BDC4291AB0A53700C820E7 /* main.m in Sources */ = {isa = PBXBuildFile; fileRef = 05BDC4281AB0A53700C820E7 /* main.m */; };
		05BDC42C1AB0A53700C820E7 /* ViewController.m in Sources */ = {isa = PBXBuildFile; fileRef = 05BDC42B1AB0A53700C820E7 /* ViewController.m */; };
		05BDC42E1AB0A53700C820E7 /* Images.xcassets in Resources */ = {isa = PBXBuildFile; fileRef = 05BDC42D1AB0A53700C820E7 /* Images.xcassets */; };
		05BDC4311AB0A53700C820E7 /* Main.storyboard in Resources */ = {isa = PBXBuildFile; fileRef = 05BDC42F1AB0A53700C820E7 /* Main.storyboard */; };
		05BDC4481AB0A61000C820E7 /* Coconut.framework in Frameworks */ = {isa = PBXBuildFile; fileRef = 05BDC4471AB0A61000C820E7 /* Coconut.framework */; };
		05BDC4491AB0AA7A00C820E7 /* KGTimerType.h in Headers */ = {isa = PBXBuildFile; fileRef = 05BDC4151AB0A34F00C820E7 /* KGTimerType.h */; settings = {ATTRIBUTES = (Public, ); }; };
/* End PBXBuildFile section */

/* Begin PBXContainerItemProxy section */
		05BDC41A1AB0A4DE00C820E7 /* PBXContainerItemProxy */ = {
			isa = PBXContainerItemProxy;
			containerPortal = 053FD70A1AB096450031266C /* Project object */;
			proxyType = 1;
			remoteGlobalIDString = 053FD7121AB096450031266C;
			remoteInfo = KGTimer;
		};
		05BDC4451AB0A57600C820E7 /* PBXContainerItemProxy */ = {
			isa = PBXContainerItemProxy;
			containerPortal = 053FD70A1AB096450031266C /* Project object */;
			proxyType = 1;
			remoteGlobalIDString = 05BDC4161AB0A4D400C820E7;
			remoteInfo = Install;
		};
/* End PBXContainerItemProxy section */

/* Begin PBXFileReference section */
		053FD7131AB096450031266C /* KGTimer.framework */ = {isa = PBXFileReference; explicitFileType = wrapper.framework; includeInIndex = 0; path = KGTimer.framework; sourceTree = BUILT_PRODUCTS_DIR; };
		053FD7171AB096450031266C /* Info.plist */ = {isa = PBXFileReference; lastKnownFileType = text.plist.xml; path = Info.plist; sourceTree = SOURCE_ROOT; };
		053FD7181AB096450031266C /* KGTimer.h */ = {isa = PBXFileReference; lastKnownFileType = sourcecode.c.h; path = KGTimer.h; sourceTree = "<group>"; };
		057D49D21AB0AC3600AF3059 /* Coconut.framework */ = {isa = PBXFileReference; lastKnownFileType = wrapper.framework; name = Coconut.framework; path = ../../../../../../Library/Frameworks/Coconut.framework; sourceTree = "<group>"; };
		057D49ED1AB0ACFA00AF3059 /* KGTimer.framework */ = {isa = PBXFileReference; lastKnownFileType = wrapper.framework; name = KGTimer.framework; path = ../../../../../../Library/Frameworks/KGTimer.framework; sourceTree = "<group>"; };
		05BDC4111AB0A2C400C820E7 /* KGTimerLabel.h */ = {isa = PBXFileReference; fileEncoding = 4; lastKnownFileType = sourcecode.c.h; path = KGTimerLabel.h; sourceTree = "<group>"; };
		05BDC4121AB0A2C400C820E7 /* KGTimerLabel.m */ = {isa = PBXFileReference; fileEncoding = 4; lastKnownFileType = sourcecode.c.objc; path = KGTimerLabel.m; sourceTree = "<group>"; };
		05BDC4151AB0A34F00C820E7 /* KGTimerType.h */ = {isa = PBXFileReference; lastKnownFileType = sourcecode.c.h; path = KGTimerType.h; sourceTree = "<group>"; };
		05BDC41C1AB0A4FF00C820E7 /* install.mk */ = {isa = PBXFileReference; fileEncoding = 4; lastKnownFileType = text; path = install.mk; sourceTree = SOURCE_ROOT; };
		05BDC4211AB0A53700C820E7 /* UTTimerLabel.app */ = {isa = PBXFileReference; explicitFileType = wrapper.application; includeInIndex = 0; path = UTTimerLabel.app; sourceTree = BUILT_PRODUCTS_DIR; };
		05BDC4241AB0A53700C820E7 /* Info.plist */ = {isa = PBXFileReference; lastKnownFileType = text.plist.xml; path = Info.plist; sourceTree = "<group>"; };
		05BDC4251AB0A53700C820E7 /* AppDelegate.h */ = {isa = PBXFileReference; lastKnownFileType = sourcecode.c.h; path = AppDelegate.h; sourceTree = "<group>"; };
		05BDC4261AB0A53700C820E7 /* AppDelegate.m */ = {isa = PBXFileReference; lastKnownFileType = sourcecode.c.objc; path = AppDelegate.m; sourceTree = "<group>"; };
		05BDC4281AB0A53700C820E7 /* main.m */ = {isa = PBXFileReference; lastKnownFileType = sourcecode.c.objc; path = main.m; sourceTree = "<group>"; };
		05BDC42A1AB0A53700C820E7 /* ViewController.h */ = {isa = PBXFileReference; lastKnownFileType = sourcecode.c.h; path = ViewController.h; sourceTree = "<group>"; };
		05BDC42B1AB0A53700C820E7 /* ViewController.m */ = {isa = PBXFileReference; lastKnownFileType = sourcecode.c.objc; path = ViewController.m; sourceTree = "<group>"; };
		05BDC42D1AB0A53700C820E7 /* Images.xcassets */ = {isa = PBXFileReference; lastKnownFileType = folder.assetcatalog; path = Images.xcassets; sourceTree = "<group>"; };
		05BDC4301AB0A53700C820E7 /* Base */ = {isa = PBXFileReference; lastKnownFileType = file.storyboard; name = Base; path = Base.lproj/Main.storyboard; sourceTree = "<group>"; };
		05BDC4471AB0A61000C820E7 /* Coconut.framework */ = {isa = PBXFileReference; lastKnownFileType = wrapper.framework; name = Coconut.framework; path = ../../../../Library/Frameworks/Coconut.framework; sourceTree = "<group>"; };
/* End PBXFileReference section */

/* Begin PBXFrameworksBuildPhase section */
		053FD70F1AB096450031266C /* Frameworks */ = {
			isa = PBXFrameworksBuildPhase;
			buildActionMask = 2147483647;
			files = (
				05BDC4481AB0A61000C820E7 /* Coconut.framework in Frameworks */,
			);
			runOnlyForDeploymentPostprocessing = 0;
		};
		05BDC41E1AB0A53700C820E7 /* Frameworks */ = {
			isa = PBXFrameworksBuildPhase;
			buildActionMask = 2147483647;
			files = (
				057D49EE1AB0ACFA00AF3059 /* KGTimer.framework in Frameworks */,
				057D49D31AB0AC3600AF3059 /* Coconut.framework in Frameworks */,
			);
			runOnlyForDeploymentPostprocessing = 0;
		};
/* End PBXFrameworksBuildPhase section */

/* Begin PBXGroup section */
		053FD7091AB096450031266C = {
			isa = PBXGroup;
			children = (
				053FD7151AB096450031266C /* Source */,
				05BDC4441AB0A54800C820E7 /* UnitTest */,
				053FD7141AB096450031266C /* Products */,
			);
			sourceTree = "<group>";
		};
		053FD7141AB096450031266C /* Products */ = {
			isa = PBXGroup;
			children = (
				053FD7131AB096450031266C /* KGTimer.framework */,
				05BDC4211AB0A53700C820E7 /* UTTimerLabel.app */,
			);
			name = Products;
			sourceTree = "<group>";
		};
		053FD7151AB096450031266C /* Source */ = {
			isa = PBXGroup;
			children = (
				053FD7181AB096450031266C /* KGTimer.h */,
				05BDC4151AB0A34F00C820E7 /* KGTimerType.h */,
				05BDC4111AB0A2C400C820E7 /* KGTimerLabel.h */,
				05BDC4121AB0A2C400C820E7 /* KGTimerLabel.m */,
				053FD7161AB096450031266C /* Supporting Files */,
			);
			name = Source;
			path = ../Source;
			sourceTree = SOURCE_ROOT;
		};
		053FD7161AB096450031266C /* Supporting Files */ = {
			isa = PBXGroup;
			children = (
				05BDC4471AB0A61000C820E7 /* Coconut.framework */,
				05BDC41C1AB0A4FF00C820E7 /* install.mk */,
				053FD7171AB096450031266C /* Info.plist */,
			);
			name = "Supporting Files";
			sourceTree = "<group>";
		};
		057D49D11AB0AB1100AF3059 /* OSX */ = {
			isa = PBXGroup;
			children = (
				05BDC4251AB0A53700C820E7 /* AppDelegate.h */,
				05BDC4261AB0A53700C820E7 /* AppDelegate.m */,
				05BDC42A1AB0A53700C820E7 /* ViewController.h */,
				05BDC42B1AB0A53700C820E7 /* ViewController.m */,
				05BDC42D1AB0A53700C820E7 /* Images.xcassets */,
				05BDC42F1AB0A53700C820E7 /* Main.storyboard */,
				05BDC4231AB0A53700C820E7 /* Supporting Files */,
			);
			name = OSX;
			path = ../../../../Users/tomoo/Project/iGlyphTrainer/KGTimer/UnitTest/UTTimerLabel/OSX;
			sourceTree = DEVELOPER_DIR;
		};
		05BDC4221AB0A53700C820E7 /* UTTimerLabel */ = {
			isa = PBXGroup;
			children = (
				057D49D11AB0AB1100AF3059 /* OSX */,
			);
			name = UTTimerLabel;
			path = ../UnitTest/UTTimerLabel;
			sourceTree = SOURCE_ROOT;
		};
		05BDC4231AB0A53700C820E7 /* Supporting Files */ = {
			isa = PBXGroup;
			children = (
				057D49ED1AB0ACFA00AF3059 /* KGTimer.framework */,
				057D49D21AB0AC3600AF3059 /* Coconut.framework */,
				05BDC4241AB0A53700C820E7 /* Info.plist */,
				05BDC4281AB0A53700C820E7 /* main.m */,
			);
			name = "Supporting Files";
			sourceTree = "<group>";
		};
		05BDC4441AB0A54800C820E7 /* UnitTest */ = {
			isa = PBXGroup;
			children = (
				05BDC4221AB0A53700C820E7 /* UTTimerLabel */,
			);
			name = UnitTest;
			path = ../UnitTest;
			sourceTree = SOURCE_ROOT;
		};
/* End PBXGroup section */

/* Begin PBXHeadersBuildPhase section */
		053FD7101AB096450031266C /* Headers */ = {
			isa = PBXHeadersBuildPhase;
			buildActionMask = 2147483647;
			files = (
				05BDC4491AB0AA7A00C820E7 /* KGTimerType.h in Headers */,
				05BDC4131AB0A2C400C820E7 /* KGTimerLabel.h in Headers */,
				053FD7191AB096450031266C /* KGTimer.h in Headers */,
			);
			runOnlyForDeploymentPostprocessing = 0;
		};
/* End PBXHeadersBuildPhase section */

/* Begin PBXLegacyTarget section */
		05BDC4161AB0A4D400C820E7 /* Install */ = {
			isa = PBXLegacyTarget;
			buildArgumentsString = "-f install.mk";
			buildConfigurationList = 05BDC4171AB0A4D500C820E7 /* Build configuration list for PBXLegacyTarget "Install" */;
			buildPhases = (
			);
			buildToolPath = /usr/bin/make;
			buildWorkingDirectory = "";
			dependencies = (
				05BDC41B1AB0A4DE00C820E7 /* PBXTargetDependency */,
			);
			name = Install;
			passBuildSettingsInEnvironment = 1;
			productName = Install;
		};
/* End PBXLegacyTarget section */

/* Begin PBXNativeTarget section */
		053FD7121AB096450031266C /* KGTimer */ = {
			isa = PBXNativeTarget;
			buildConfigurationList = 053FD7291AB096450031266C /* Build configuration list for PBXNativeTarget "KGTimer" */;
			buildPhases = (
				053FD70E1AB096450031266C /* Sources */,
				053FD70F1AB096450031266C /* Frameworks */,
				053FD7101AB096450031266C /* Headers */,
				053FD7111AB096450031266C /* Resources */,
			);
			buildRules = (
			);
			dependencies = (
			);
			name = KGTimer;
			productName = KGTimer;
			productReference = 053FD7131AB096450031266C /* KGTimer.framework */;
			productType = "com.apple.product-type.framework";
		};
		05BDC4201AB0A53700C820E7 /* UTTimerLabel */ = {
			isa = PBXNativeTarget;
			buildConfigurationList = 05BDC43E1AB0A53700C820E7 /* Build configuration list for PBXNativeTarget "UTTimerLabel" */;
			buildPhases = (
				05BDC41D1AB0A53700C820E7 /* Sources */,
				05BDC41E1AB0A53700C820E7 /* Frameworks */,
				05BDC41F1AB0A53700C820E7 /* Resources */,
			);
			buildRules = (
			);
			dependencies = (
				05BDC4461AB0A57600C820E7 /* PBXTargetDependency */,
			);
			name = UTTimerLabel;
			productName = UTTimerLabel;
			productReference = 05BDC4211AB0A53700C820E7 /* UTTimerLabel.app */;
			productType = "com.apple.product-type.application";
		};
/* End PBXNativeTarget section */

/* Begin PBXProject section */
		053FD70A1AB096450031266C /* Project object */ = {
			isa = PBXProject;
			attributes = {
				LastUpgradeCheck = 0620;
				ORGANIZATIONNAME = "Steel Wheels Project";
				TargetAttributes = {
					053FD7121AB096450031266C = {
						CreatedOnToolsVersion = 6.2;
					};
					05BDC4161AB0A4D400C820E7 = {
						CreatedOnToolsVersion = 6.2;
					};
					05BDC4201AB0A53700C820E7 = {
						CreatedOnToolsVersion = 6.2;
					};
				};
			};
			buildConfigurationList = 053FD70D1AB096450031266C /* Build configuration list for PBXProject "KGTimer" */;
			compatibilityVersion = "Xcode 3.2";
			developmentRegion = English;
			hasScannedForEncodings = 0;
			knownRegions = (
				en,
				Base,
			);
			mainGroup = 053FD7091AB096450031266C;
			productRefGroup = 053FD7141AB096450031266C /* Products */;
			projectDirPath = "";
			projectRoot = "";
			targets = (
				053FD7121AB096450031266C /* KGTimer */,
				05BDC4161AB0A4D400C820E7 /* Install */,
				05BDC4201AB0A53700C820E7 /* UTTimerLabel */,
			);
		};
/* End PBXProject section */

/* Begin PBXResourcesBuildPhase section */
		053FD7111AB096450031266C /* Resources */ = {
			isa = PBXResourcesBuildPhase;
			buildActionMask = 2147483647;
			files = (
			);
			runOnlyForDeploymentPostprocessing = 0;
		};
		05BDC41F1AB0A53700C820E7 /* Resources */ = {
			isa = PBXResourcesBuildPhase;
			buildActionMask = 2147483647;
			files = (
				05BDC42E1AB0A53700C820E7 /* Images.xcassets in Resources */,
				05BDC4311AB0A53700C820E7 /* Main.storyboard in Resources */,
			);
			runOnlyForDeploymentPostprocessing = 0;
		};
/* End PBXResourcesBuildPhase section */

/* Begin PBXSourcesBuildPhase section */
		053FD70E1AB096450031266C /* Sources */ = {
			isa = PBXSourcesBuildPhase;
			buildActionMask = 2147483647;
			files = (
				05BDC4141AB0A2C400C820E7 /* KGTimerLabel.m in Sources */,
			);
			runOnlyForDeploymentPostprocessing = 0;
		};
		05BDC41D1AB0A53700C820E7 /* Sources */ = {
			isa = PBXSourcesBuildPhase;
			buildActionMask = 2147483647;
			files = (
				05BDC42C1AB0A53700C820E7 /* ViewController.m in Sources */,
				05BDC4291AB0A53700C820E7 /* main.m in Sources */,
				05BDC4271AB0A53700C820E7 /* AppDelegate.m in Sources */,
			);
			runOnlyForDeploymentPostprocessing = 0;
		};
/* End PBXSourcesBuildPhase section */

/* Begin PBXTargetDependency section */
		05BDC41B1AB0A4DE00C820E7 /* PBXTargetDependency */ = {
			isa = PBXTargetDependency;
			target = 053FD7121AB096450031266C /* KGTimer */;
			targetProxy = 05BDC41A1AB0A4DE00C820E7 /* PBXContainerItemProxy */;
		};
		05BDC4461AB0A57600C820E7 /* PBXTargetDependency */ = {
			isa = PBXTargetDependency;
			target = 05BDC4161AB0A4D400C820E7 /* Install */;
			targetProxy = 05BDC4451AB0A57600C820E7 /* PBXContainerItemProxy */;
		};
/* End PBXTargetDependency section */

/* Begin PBXVariantGroup section */
		05BDC42F1AB0A53700C820E7 /* Main.storyboard */ = {
			isa = PBXVariantGroup;
			children = (
				05BDC4301AB0A53700C820E7 /* Base */,
			);
			name = Main.storyboard;
			sourceTree = "<group>";
		};
/* End PBXVariantGroup section */

/* Begin XCBuildConfiguration section */
		053FD7271AB096450031266C /* Debug */ = {
			isa = XCBuildConfiguration;
			buildSettings = {
				ALWAYS_SEARCH_USER_PATHS = NO;
				CLANG_CXX_LANGUAGE_STANDARD = "gnu++0x";
				CLANG_CXX_LIBRARY = "libc++";
				CLANG_ENABLE_MODULES = YES;
				CLANG_ENABLE_OBJC_ARC = YES;
				CLANG_WARN_BOOL_CONVERSION = YES;
				CLANG_WARN_CONSTANT_CONVERSION = YES;
				CLANG_WARN_DIRECT_OBJC_ISA_USAGE = YES_ERROR;
				CLANG_WARN_EMPTY_BODY = YES;
				CLANG_WARN_ENUM_CONVERSION = YES;
				CLANG_WARN_INT_CONVERSION = YES;
				CLANG_WARN_OBJC_ROOT_CLASS = YES_ERROR;
				CLANG_WARN_UNREACHABLE_CODE = YES;
				CLANG_WARN__DUPLICATE_METHOD_MATCH = YES;
				COPY_PHASE_STRIP = NO;
				CURRENT_PROJECT_VERSION = 1;
				ENABLE_STRICT_OBJC_MSGSEND = YES;
				GCC_C_LANGUAGE_STANDARD = gnu99;
				GCC_DYNAMIC_NO_PIC = NO;
				GCC_OPTIMIZATION_LEVEL = 0;
				GCC_PREPROCESSOR_DEFINITIONS = (
					"DEBUG=1",
					"$(inherited)",
				);
				GCC_SYMBOLS_PRIVATE_EXTERN = NO;
				GCC_WARN_64_TO_32_BIT_CONVERSION = YES;
				GCC_WARN_ABOUT_RETURN_TYPE = YES_ERROR;
				GCC_WARN_UNDECLARED_SELECTOR = YES;
				GCC_WARN_UNINITIALIZED_AUTOS = YES_AGGRESSIVE;
				GCC_WARN_UNUSED_FUNCTION = YES;
				GCC_WARN_UNUSED_VARIABLE = YES;
				MACOSX_DEPLOYMENT_TARGET = 10.10;
				MTL_ENABLE_DEBUG_INFO = YES;
				ONLY_ACTIVE_ARCH = YES;
				SDKROOT = macosx;
				VERSIONING_SYSTEM = "apple-generic";
				VERSION_INFO_PREFIX = "";
			};
			name = Debug;
		};
		053FD7281AB096450031266C /* Release */ = {
			isa = XCBuildConfiguration;
			buildSettings = {
				ALWAYS_SEARCH_USER_PATHS = NO;
				CLANG_CXX_LANGUAGE_STANDARD = "gnu++0x";
				CLANG_CXX_LIBRARY = "libc++";
				CLANG_ENABLE_MODULES = YES;
				CLANG_ENABLE_OBJC_ARC = YES;
				CLANG_WARN_BOOL_CONVERSION = YES;
				CLANG_WARN_CONSTANT_CONVERSION = YES;
				CLANG_WARN_DIRECT_OBJC_ISA_USAGE = YES_ERROR;
				CLANG_WARN_EMPTY_BODY = YES;
				CLANG_WARN_ENUM_CONVERSION = YES;
				CLANG_WARN_INT_CONVERSION = YES;
				CLANG_WARN_OBJC_ROOT_CLASS = YES_ERROR;
				CLANG_WARN_UNREACHABLE_CODE = YES;
				CLANG_WARN__DUPLICATE_METHOD_MATCH = YES;
				COPY_PHASE_STRIP = NO;
				CURRENT_PROJECT_VERSION = 1;
				DEBUG_INFORMATION_FORMAT = "dwarf-with-dsym";
				ENABLE_NS_ASSERTIONS = NO;
				ENABLE_STRICT_OBJC_MSGSEND = YES;
				GCC_C_LANGUAGE_STANDARD = gnu99;
				GCC_WARN_64_TO_32_BIT_CONVERSION = YES;
				GCC_WARN_ABOUT_RETURN_TYPE = YES_ERROR;
				GCC_WARN_UNDECLARED_SELECTOR = YES;
				GCC_WARN_UNINITIALIZED_AUTOS = YES_AGGRESSIVE;
				GCC_WARN_UNUSED_FUNCTION = YES;
				GCC_WARN_UNUSED_VARIABLE = YES;
				MACOSX_DEPLOYMENT_TARGET = 10.10;
				MTL_ENABLE_DEBUG_INFO = NO;
				SDKROOT = macosx;
				VERSIONING_SYSTEM = "apple-generic";
				VERSION_INFO_PREFIX = "";
			};
			name = Release;
		};
		053FD72A1AB096450031266C /* Debug */ = {
			isa = XCBuildConfiguration;
			buildSettings = {
				COMBINE_HIDPI_IMAGES = YES;
				DEFINES_MODULE = YES;
				DYLIB_COMPATIBILITY_VERSION = 1;
				DYLIB_CURRENT_VERSION = 1;
				DYLIB_INSTALL_NAME_BASE = "@rpath";
				FRAMEWORK_SEARCH_PATHS = (
					"$(inherited)",
					"$(USER_LIBRARY_DIR)/Frameworks",
				);
				FRAMEWORK_VERSION = A;
				GCC_OPTIMIZATION_LEVEL = 2;
				GCC_TREAT_WARNINGS_AS_ERRORS = YES;
				INFOPLIST_FILE = Info.plist;
				INSTALL_PATH = "$(HOME)/Library/Frameworks";
				LD_RUNPATH_SEARCH_PATHS = "$(inherited) @executable_path/../Frameworks @loader_path/Frameworks";
				OTHER_CFLAGS = (
					"-W",
					"-Wall",
				);
				PRODUCT_NAME = "$(TARGET_NAME)";
				SKIP_INSTALL = NO;
			};
			name = Debug;
		};
		053FD72B1AB096450031266C /* Release */ = {
			isa = XCBuildConfiguration;
			buildSettings = {
				COMBINE_HIDPI_IMAGES = YES;
				DEFINES_MODULE = YES;
				DYLIB_COMPATIBILITY_VERSION = 1;
				DYLIB_CURRENT_VERSION = 1;
				DYLIB_INSTALL_NAME_BASE = "@rpath";
				FRAMEWORK_SEARCH_PATHS = (
					"$(inherited)",
					"$(USER_LIBRARY_DIR)/Frameworks",
				);
				FRAMEWORK_VERSION = A;
				GCC_OPTIMIZATION_LEVEL = 2;
				GCC_TREAT_WARNINGS_AS_ERRORS = YES;
				INFOPLIST_FILE = Info.plist;
				INSTALL_PATH = "$(HOME)/Library/Frameworks";
				LD_RUNPATH_SEARCH_PATHS = "$(inherited) @executable_path/../Frameworks @loader_path/Frameworks";
				OTHER_CFLAGS = (
					"-W",
					"-Wall",
				);
				PRODUCT_NAME = "$(TARGET_NAME)";
				SKIP_INSTALL = NO;
			};
			name = Release;
		};
		05BDC4181AB0A4D500C820E7 /* Debug */ = {
			isa = XCBuildConfiguration;
			buildSettings = {
				DEBUGGING_SYMBOLS = YES;
				GCC_GENERATE_DEBUGGING_SYMBOLS = YES;
				GCC_OPTIMIZATION_LEVEL = 0;
				GCC_PREPROCESSOR_DEFINITIONS = (
					"DEBUG=1",
					"$(inherited)",
				);
				OTHER_CFLAGS = "";
				OTHER_LDFLAGS = "";
				PRODUCT_NAME = "$(TARGET_NAME)";
			};
			name = Debug;
		};
		05BDC4191AB0A4D500C820E7 /* Release */ = {
			isa = XCBuildConfiguration;
			buildSettings = {
				OTHER_CFLAGS = "";
				OTHER_LDFLAGS = "";
				PRODUCT_NAME = "$(TARGET_NAME)";
			};
			name = Release;
		};
		05BDC43F1AB0A53700C820E7 /* Debug */ = {
			isa = XCBuildConfiguration;
			buildSettings = {
				ASSETCATALOG_COMPILER_APPICON_NAME = AppIcon;
				CODE_SIGN_IDENTITY = "-";
				COMBINE_HIDPI_IMAGES = YES;
				FRAMEWORK_SEARCH_PATHS = (
					"$(inherited)",
					"$(USER_LIBRARY_DIR)/Frameworks",
				);
				GCC_PREPROCESSOR_DEFINITIONS = (
					"DEBUG=1",
					"$(inherited)",
				);
				INFOPLIST_FILE = ../UnitTest/UTTimerLabel/OSX/Info.plist;
				LD_RUNPATH_SEARCH_PATHS = "$(inherited) @executable_path/../Frameworks";
				PRODUCT_NAME = "$(TARGET_NAME)";
				SKIP_INSTALL = YES;
			};
			name = Debug;
		};
		05BDC4401AB0A53700C820E7 /* Release */ = {
			isa = XCBuildConfiguration;
			buildSettings = {
				ASSETCATALOG_COMPILER_APPICON_NAME = AppIcon;
				CODE_SIGN_IDENTITY = "-";
				COMBINE_HIDPI_IMAGES = YES;
				FRAMEWORK_SEARCH_PATHS = (
					"$(inherited)",
					"$(USER_LIBRARY_DIR)/Frameworks",
				);
				INFOPLIST_FILE = ../UnitTest/UTTimerLabel/OSX/Info.plist;
				LD_RUNPATH_SEARCH_PATHS = "$(inherited) @executable_path/../Frameworks";
				PRODUCT_NAME = "$(TARGET_NAME)";
				SKIP_INSTALL = YES;
			};
			name = Release;
		};
/* End XCBuildConfiguration section */

/* Begin XCConfigurationList section */
		053FD70D1AB096450031266C /* Build configuration list for PBXProject "KGTimer" */ = {
			isa = XCConfigurationList;
			buildConfigurations = (
				053FD7271AB096450031266C /* Debug */,
				053FD7281AB096450031266C /* Release */,
			);
			defaultConfigurationIsVisible = 0;
			defaultConfigurationName = Release;
		};
		053FD7291AB096450031266C /* Build configuration list for PBXNativeTarget "KGTimer" */ = {
			isa = XCConfigurationList;
			buildConfigurations = (
				053FD72A1AB096450031266C /* Debug */,
				053FD72B1AB096450031266C /* Release */,
			);
			defaultConfigurationIsVisible = 0;
			defaultConfigurationName = Release;
		};
		05BDC4171AB0A4D500C820E7 /* Build configuration list for PBXLegacyTarget "Install" */ = {
			isa = XCConfigurationList;
			buildConfigurations = (
				05BDC4181AB0A4D500C820E7 /* Debug */,
				05BDC4191AB0A4D500C820E7 /* Release */,
			);
			defaultConfigurationIsVisible = 0;
			defaultConfigurationName = Release;
		};
		05BDC43E1AB0A53700C820E7 /* Build configuration list for PBXNativeTarget "UTTimerLabel" */ = {
			isa = XCConfigurationList;
			buildConfigurations = (
				05BDC43F1AB0A53700C820E7 /* Debug */,
				05BDC4401AB0A53700C820E7 /* Release */,
			);
			defaultConfigurationIsVisible = 0;
			defaultConfigurationName = Release;
		};
/* End XCConfigurationList section */
	};
	rootObject = 053FD70A1AB096450031266C /* Project object */;
}
