// !$*UTF8*$!
{
	archiveVersion = 1;
	classes = {
	};
	objectVersion = 46;
	objects = {

/* Begin PBXBuildFile section */
		0522E2381A99F00900080BE3 /* KGGlyphGraphics.h in CopyFiles */ = {isa = PBXBuildFile; fileRef = 0522E2371A99F00900080BE3 /* KGGlyphGraphics.h */; };
		055255D01A99F81A0021E915 /* main.m in Sources */ = {isa = PBXBuildFile; fileRef = 055255CF1A99F81A0021E915 /* main.m */; };
		055255D31A99F81A0021E915 /* AppDelegate.m in Sources */ = {isa = PBXBuildFile; fileRef = 055255D21A99F81A0021E915 /* AppDelegate.m */; };
		055255D61A99F81A0021E915 /* ViewController.m in Sources */ = {isa = PBXBuildFile; fileRef = 055255D51A99F81A0021E915 /* ViewController.m */; };
		055255D91A99F81A0021E915 /* Main.storyboard in Resources */ = {isa = PBXBuildFile; fileRef = 055255D71A99F81A0021E915 /* Main.storyboard */; };
		055255DB1A99F81A0021E915 /* Images.xcassets in Resources */ = {isa = PBXBuildFile; fileRef = 055255DA1A99F81A0021E915 /* Images.xcassets */; };
		055255DE1A99F81A0021E915 /* LaunchScreen.xib in Resources */ = {isa = PBXBuildFile; fileRef = 055255DC1A99F81A0021E915 /* LaunchScreen.xib */; };
		0591311C1AABC701006BEB9C /* KGGlyphEditableStroke.m in Sources */ = {isa = PBXBuildFile; fileRef = 0591311B1AABC701006BEB9C /* KGGlyphEditableStroke.m */; };
		0591311D1AABC8B1006BEB9C /* KGGlyphEditableStroke.h in CopyFiles */ = {isa = PBXBuildFile; fileRef = 0591311A1AABC701006BEB9C /* KGGlyphEditableStroke.h */; };
		0594DA7A1AAC3F0E0066D4D5 /* main.m in Sources */ = {isa = PBXBuildFile; fileRef = 0594DA791AAC3F0E0066D4D5 /* main.m */; };
		0594DA7D1AAC3F0E0066D4D5 /* AppDelegate.m in Sources */ = {isa = PBXBuildFile; fileRef = 0594DA7C1AAC3F0E0066D4D5 /* AppDelegate.m */; };
		0594DA801AAC3F0E0066D4D5 /* ViewController.m in Sources */ = {isa = PBXBuildFile; fileRef = 0594DA7F1AAC3F0E0066D4D5 /* ViewController.m */; };
		0594DA831AAC3F0E0066D4D5 /* Main.storyboard in Resources */ = {isa = PBXBuildFile; fileRef = 0594DA811AAC3F0E0066D4D5 /* Main.storyboard */; };
		0594DA851AAC3F0E0066D4D5 /* Images.xcassets in Resources */ = {isa = PBXBuildFile; fileRef = 0594DA841AAC3F0E0066D4D5 /* Images.xcassets */; };
		0594DA881AAC3F0E0066D4D5 /* LaunchScreen.xib in Resources */ = {isa = PBXBuildFile; fileRef = 0594DA861AAC3F0E0066D4D5 /* LaunchScreen.xib */; };
		05B5DEE01AD571A900BFE3E6 /* KGGlyphForwarders.h in CopyFiles */ = {isa = PBXBuildFile; fileRef = 05B5DEDF1AD5715400BFE3E6 /* KGGlyphForwarders.h */; };
		05D265381AF259B700A6EC69 /* KGGlyphObject.h in CopyFiles */ = {isa = PBXBuildFile; fileRef = 05E60F141AF232FF00ADC802 /* KGGlyphObject.h */; };
		05E60F131AF22A9D00ADC802 /* KGGlyphVertexDrawer.m in Sources */ = {isa = PBXBuildFile; fileRef = 05E60F121AF22A9D00ADC802 /* KGGlyphVertexDrawer.m */; };
		05E60F161AF232FF00ADC802 /* KGGlyphObject.m in Sources */ = {isa = PBXBuildFile; fileRef = 05E60F151AF232FF00ADC802 /* KGGlyphObject.m */; };
		05E60F191AF2372200ADC802 /* KGGlyphStrokeDrawer.m in Sources */ = {isa = PBXBuildFile; fileRef = 05E60F181AF2372200ADC802 /* KGGlyphStrokeDrawer.m */; };
		05E60F1C1AF2443200ADC802 /* KGGlyphStrokeEditor.m in Sources */ = {isa = PBXBuildFile; fileRef = 05E60F1B1AF2443200ADC802 /* KGGlyphStrokeEditor.m */; };
		05E60F1D1AF247D300ADC802 /* KGGlyphVertexDrawer.h in CopyFiles */ = {isa = PBXBuildFile; fileRef = 05E60F111AF22A9D00ADC802 /* KGGlyphVertexDrawer.h */; };
		05E60F1E1AF247D700ADC802 /* KGGlyphStrokeDrawer.h in CopyFiles */ = {isa = PBXBuildFile; fileRef = 05E60F171AF2372200ADC802 /* KGGlyphStrokeDrawer.h */; };
		05E60F1F1AF247DC00ADC802 /* KGGlyphStrokeEditor.h in CopyFiles */ = {isa = PBXBuildFile; fileRef = 05E60F1A1AF2443200ADC802 /* KGGlyphStrokeEditor.h */; };
		05EF44C11B25EC71007689EB /* AppDefaults.plist in Resources */ = {isa = PBXBuildFile; fileRef = 053AE5EA1AF3575C00C78064 /* AppDefaults.plist */; };
/* End PBXBuildFile section */

/* Begin PBXContainerItemProxy section */
		0594DA9D1AAC48DB0066D4D5 /* PBXContainerItemProxy */ = {
			isa = PBXContainerItemProxy;
			containerPortal = 0522E22C1A99F00900080BE3 /* Project object */;
			proxyType = 1;
			remoteGlobalIDString = 055255C01A99F12D0021E915;
			remoteInfo = Install;
		};
		05F5ABE11A99F8680053EC4B /* PBXContainerItemProxy */ = {
			isa = PBXContainerItemProxy;
			containerPortal = 0522E22C1A99F00900080BE3 /* Project object */;
			proxyType = 1;
			remoteGlobalIDString = 0522E2331A99F00900080BE3;
			remoteInfo = KGGlyphGraphics;
		};
		05F5ABE31A99F86F0053EC4B /* PBXContainerItemProxy */ = {
			isa = PBXContainerItemProxy;
			containerPortal = 0522E22C1A99F00900080BE3 /* Project object */;
			proxyType = 1;
			remoteGlobalIDString = 055255C01A99F12D0021E915;
			remoteInfo = Install;
		};
/* End PBXContainerItemProxy section */

/* Begin PBXCopyFilesBuildPhase section */
		0522E2321A99F00900080BE3 /* CopyFiles */ = {
			isa = PBXCopyFilesBuildPhase;
			buildActionMask = 2147483647;
			dstPath = "include/$(PRODUCT_NAME)";
			dstSubfolderSpec = 16;
			files = (
				05D265381AF259B700A6EC69 /* KGGlyphObject.h in CopyFiles */,
				05E60F1F1AF247DC00ADC802 /* KGGlyphStrokeEditor.h in CopyFiles */,
				05E60F1E1AF247D700ADC802 /* KGGlyphStrokeDrawer.h in CopyFiles */,
				05E60F1D1AF247D300ADC802 /* KGGlyphVertexDrawer.h in CopyFiles */,
				05B5DEE01AD571A900BFE3E6 /* KGGlyphForwarders.h in CopyFiles */,
				0591311D1AABC8B1006BEB9C /* KGGlyphEditableStroke.h in CopyFiles */,
				0522E2381A99F00900080BE3 /* KGGlyphGraphics.h in CopyFiles */,
			);
			runOnlyForDeploymentPostprocessing = 0;
		};
/* End PBXCopyFilesBuildPhase section */

/* Begin PBXFileReference section */
		0522E2341A99F00900080BE3 /* libKGGlyphGraphics.a */ = {isa = PBXFileReference; explicitFileType = archive.ar; includeInIndex = 0; path = libKGGlyphGraphics.a; sourceTree = BUILT_PRODUCTS_DIR; };
		0522E2371A99F00900080BE3 /* KGGlyphGraphics.h */ = {isa = PBXFileReference; lastKnownFileType = sourcecode.c.h; path = KGGlyphGraphics.h; sourceTree = "<group>"; };
		053AE5EA1AF3575C00C78064 /* AppDefaults.plist */ = {isa = PBXFileReference; fileEncoding = 4; lastKnownFileType = text.plist.xml; name = AppDefaults.plist; path = ../../../iGlyphHackTrainer/iOS/AppDefaults.plist; sourceTree = "<group>"; };
		055255C51A99F14C0021E915 /* install.mk */ = {isa = PBXFileReference; fileEncoding = 4; lastKnownFileType = text; name = install.mk; path = ../../Script/install.mk; sourceTree = "<group>"; };
		055255CB1A99F81A0021E915 /* UnitTest.app */ = {isa = PBXFileReference; explicitFileType = wrapper.application; includeInIndex = 0; path = UnitTest.app; sourceTree = BUILT_PRODUCTS_DIR; };
		055255CE1A99F81A0021E915 /* Info.plist */ = {isa = PBXFileReference; lastKnownFileType = text.plist.xml; name = Info.plist; path = ../UnitTest/Drawer/Info.plist; sourceTree = SOURCE_ROOT; };
		055255CF1A99F81A0021E915 /* main.m */ = {isa = PBXFileReference; lastKnownFileType = sourcecode.c.objc; path = main.m; sourceTree = "<group>"; };
		055255D11A99F81A0021E915 /* AppDelegate.h */ = {isa = PBXFileReference; lastKnownFileType = sourcecode.c.h; path = AppDelegate.h; sourceTree = "<group>"; };
		055255D21A99F81A0021E915 /* AppDelegate.m */ = {isa = PBXFileReference; lastKnownFileType = sourcecode.c.objc; path = AppDelegate.m; sourceTree = "<group>"; };
		055255D41A99F81A0021E915 /* ViewController.h */ = {isa = PBXFileReference; lastKnownFileType = sourcecode.c.h; path = ViewController.h; sourceTree = "<group>"; };
		055255D51A99F81A0021E915 /* ViewController.m */ = {isa = PBXFileReference; lastKnownFileType = sourcecode.c.objc; path = ViewController.m; sourceTree = "<group>"; };
		055255D81A99F81A0021E915 /* Base */ = {isa = PBXFileReference; lastKnownFileType = file.storyboard; name = Base; path = Base.lproj/Main.storyboard; sourceTree = "<group>"; };
		055255DA1A99F81A0021E915 /* Images.xcassets */ = {isa = PBXFileReference; lastKnownFileType = folder.assetcatalog; path = Images.xcassets; sourceTree = "<group>"; };
		055255DD1A99F81A0021E915 /* Base */ = {isa = PBXFileReference; lastKnownFileType = file.xib; name = Base; path = Base.lproj/LaunchScreen.xib; sourceTree = "<group>"; };
		0591311A1AABC701006BEB9C /* KGGlyphEditableStroke.h */ = {isa = PBXFileReference; fileEncoding = 4; lastKnownFileType = sourcecode.c.h; path = KGGlyphEditableStroke.h; sourceTree = "<group>"; };
		0591311B1AABC701006BEB9C /* KGGlyphEditableStroke.m */ = {isa = PBXFileReference; fileEncoding = 4; lastKnownFileType = sourcecode.c.objc; path = KGGlyphEditableStroke.m; sourceTree = "<group>"; };
		0594DA751AAC3F0E0066D4D5 /* UTGlyphEditor.app */ = {isa = PBXFileReference; explicitFileType = wrapper.application; includeInIndex = 0; path = UTGlyphEditor.app; sourceTree = BUILT_PRODUCTS_DIR; };
		0594DA781AAC3F0E0066D4D5 /* Info.plist */ = {isa = PBXFileReference; lastKnownFileType = text.plist.xml; path = Info.plist; sourceTree = "<group>"; };
		0594DA791AAC3F0E0066D4D5 /* main.m */ = {isa = PBXFileReference; lastKnownFileType = sourcecode.c.objc; path = main.m; sourceTree = "<group>"; };
		0594DA7B1AAC3F0E0066D4D5 /* AppDelegate.h */ = {isa = PBXFileReference; lastKnownFileType = sourcecode.c.h; path = AppDelegate.h; sourceTree = "<group>"; };
		0594DA7C1AAC3F0E0066D4D5 /* AppDelegate.m */ = {isa = PBXFileReference; lastKnownFileType = sourcecode.c.objc; path = AppDelegate.m; sourceTree = "<group>"; };
		0594DA7E1AAC3F0E0066D4D5 /* ViewController.h */ = {isa = PBXFileReference; lastKnownFileType = sourcecode.c.h; path = ViewController.h; sourceTree = "<group>"; };
		0594DA7F1AAC3F0E0066D4D5 /* ViewController.m */ = {isa = PBXFileReference; lastKnownFileType = sourcecode.c.objc; path = ViewController.m; sourceTree = "<group>"; };
		0594DA821AAC3F0E0066D4D5 /* Base */ = {isa = PBXFileReference; lastKnownFileType = file.storyboard; name = Base; path = Base.lproj/Main.storyboard; sourceTree = "<group>"; };
		0594DA841AAC3F0E0066D4D5 /* Images.xcassets */ = {isa = PBXFileReference; lastKnownFileType = folder.assetcatalog; path = Images.xcassets; sourceTree = "<group>"; };
		0594DA871AAC3F0E0066D4D5 /* Base */ = {isa = PBXFileReference; lastKnownFileType = file.xib; name = Base; path = Base.lproj/LaunchScreen.xib; sourceTree = "<group>"; };
		05B5DEDF1AD5715400BFE3E6 /* KGGlyphForwarders.h */ = {isa = PBXFileReference; lastKnownFileType = sourcecode.c.h; path = KGGlyphForwarders.h; sourceTree = "<group>"; };
		05E60F111AF22A9D00ADC802 /* KGGlyphVertexDrawer.h */ = {isa = PBXFileReference; fileEncoding = 4; lastKnownFileType = sourcecode.c.h; path = KGGlyphVertexDrawer.h; sourceTree = "<group>"; };
		05E60F121AF22A9D00ADC802 /* KGGlyphVertexDrawer.m */ = {isa = PBXFileReference; fileEncoding = 4; lastKnownFileType = sourcecode.c.objc; path = KGGlyphVertexDrawer.m; sourceTree = "<group>"; };
		05E60F141AF232FF00ADC802 /* KGGlyphObject.h */ = {isa = PBXFileReference; fileEncoding = 4; lastKnownFileType = sourcecode.c.h; path = KGGlyphObject.h; sourceTree = "<group>"; };
		05E60F151AF232FF00ADC802 /* KGGlyphObject.m */ = {isa = PBXFileReference; fileEncoding = 4; lastKnownFileType = sourcecode.c.objc; path = KGGlyphObject.m; sourceTree = "<group>"; };
		05E60F171AF2372200ADC802 /* KGGlyphStrokeDrawer.h */ = {isa = PBXFileReference; fileEncoding = 4; lastKnownFileType = sourcecode.c.h; path = KGGlyphStrokeDrawer.h; sourceTree = "<group>"; };
		05E60F181AF2372200ADC802 /* KGGlyphStrokeDrawer.m */ = {isa = PBXFileReference; fileEncoding = 4; lastKnownFileType = sourcecode.c.objc; path = KGGlyphStrokeDrawer.m; sourceTree = "<group>"; };
		05E60F1A1AF2443200ADC802 /* KGGlyphStrokeEditor.h */ = {isa = PBXFileReference; fileEncoding = 4; lastKnownFileType = sourcecode.c.h; path = KGGlyphStrokeEditor.h; sourceTree = "<group>"; };
		05E60F1B1AF2443200ADC802 /* KGGlyphStrokeEditor.m */ = {isa = PBXFileReference; fileEncoding = 4; lastKnownFileType = sourcecode.c.objc; path = KGGlyphStrokeEditor.m; sourceTree = "<group>"; };
/* End PBXFileReference section */

/* Begin PBXFrameworksBuildPhase section */
		0522E2311A99F00900080BE3 /* Frameworks */ = {
			isa = PBXFrameworksBuildPhase;
			buildActionMask = 2147483647;
			files = (
			);
			runOnlyForDeploymentPostprocessing = 0;
		};
		055255C81A99F81A0021E915 /* Frameworks */ = {
			isa = PBXFrameworksBuildPhase;
			buildActionMask = 2147483647;
			files = (
			);
			runOnlyForDeploymentPostprocessing = 0;
		};
		0594DA721AAC3F0E0066D4D5 /* Frameworks */ = {
			isa = PBXFrameworksBuildPhase;
			buildActionMask = 2147483647;
			files = (
			);
			runOnlyForDeploymentPostprocessing = 0;
		};
/* End PBXFrameworksBuildPhase section */

/* Begin PBXGroup section */
		0522E22B1A99F00900080BE3 = {
			isa = PBXGroup;
			children = (
				0522E2361A99F00900080BE3 /* Source */,
				055255C41A99F1360021E915 /* Supporting Files */,
				055255CC1A99F81A0021E915 /* UnitTest */,
				0522E2351A99F00900080BE3 /* Products */,
			);
			sourceTree = "<group>";
		};
		0522E2351A99F00900080BE3 /* Products */ = {
			isa = PBXGroup;
			children = (
				0522E2341A99F00900080BE3 /* libKGGlyphGraphics.a */,
				055255CB1A99F81A0021E915 /* UnitTest.app */,
				0594DA751AAC3F0E0066D4D5 /* UTGlyphEditor.app */,
			);
			name = Products;
			sourceTree = "<group>";
		};
		0522E2361A99F00900080BE3 /* Source */ = {
			isa = PBXGroup;
			children = (
				0522E2371A99F00900080BE3 /* KGGlyphGraphics.h */,
				05B5DEDF1AD5715400BFE3E6 /* KGGlyphForwarders.h */,
				05E60F141AF232FF00ADC802 /* KGGlyphObject.h */,
				05E60F151AF232FF00ADC802 /* KGGlyphObject.m */,
				05E60F111AF22A9D00ADC802 /* KGGlyphVertexDrawer.h */,
				05E60F121AF22A9D00ADC802 /* KGGlyphVertexDrawer.m */,
				05E60F171AF2372200ADC802 /* KGGlyphStrokeDrawer.h */,
				05E60F181AF2372200ADC802 /* KGGlyphStrokeDrawer.m */,
				05E60F1A1AF2443200ADC802 /* KGGlyphStrokeEditor.h */,
				05E60F1B1AF2443200ADC802 /* KGGlyphStrokeEditor.m */,
				0591311A1AABC701006BEB9C /* KGGlyphEditableStroke.h */,
				0591311B1AABC701006BEB9C /* KGGlyphEditableStroke.m */,
			);
			name = Source;
			path = ../Source;
			sourceTree = SOURCE_ROOT;
		};
		0534BD9E1AAB628700D4519F /* Drawer */ = {
			isa = PBXGroup;
			children = (
				053AE5EA1AF3575C00C78064 /* AppDefaults.plist */,
				055255D11A99F81A0021E915 /* AppDelegate.h */,
				055255D21A99F81A0021E915 /* AppDelegate.m */,
				055255D41A99F81A0021E915 /* ViewController.h */,
				055255D51A99F81A0021E915 /* ViewController.m */,
				055255D71A99F81A0021E915 /* Main.storyboard */,
				055255DA1A99F81A0021E915 /* Images.xcassets */,
				055255DC1A99F81A0021E915 /* LaunchScreen.xib */,
				055255CD1A99F81A0021E915 /* Supporting Files */,
			);
			name = Drawer;
			path = ../UnitTest/Drawer;
			sourceTree = SOURCE_ROOT;
		};
		055255C41A99F1360021E915 /* Supporting Files */ = {
			isa = PBXGroup;
			children = (
				055255C51A99F14C0021E915 /* install.mk */,
			);
			name = "Supporting Files";
			sourceTree = "<group>";
		};
		055255CC1A99F81A0021E915 /* UnitTest */ = {
			isa = PBXGroup;
			children = (
				0594DA9B1AAC3FBE0066D4D5 /* Editor */,
				0534BD9E1AAB628700D4519F /* Drawer */,
			);
			name = UnitTest;
			path = ../UnitTest;
			sourceTree = SOURCE_ROOT;
		};
		055255CD1A99F81A0021E915 /* Supporting Files */ = {
			isa = PBXGroup;
			children = (
				055255CE1A99F81A0021E915 /* Info.plist */,
				055255CF1A99F81A0021E915 /* main.m */,
			);
			name = "Supporting Files";
			sourceTree = "<group>";
		};
		0594DA761AAC3F0E0066D4D5 /* iOS */ = {
			isa = PBXGroup;
			children = (
				0594DA7B1AAC3F0E0066D4D5 /* AppDelegate.h */,
				0594DA7C1AAC3F0E0066D4D5 /* AppDelegate.m */,
				0594DA7E1AAC3F0E0066D4D5 /* ViewController.h */,
				0594DA7F1AAC3F0E0066D4D5 /* ViewController.m */,
				0594DA811AAC3F0E0066D4D5 /* Main.storyboard */,
				0594DA841AAC3F0E0066D4D5 /* Images.xcassets */,
				0594DA861AAC3F0E0066D4D5 /* LaunchScreen.xib */,
				0594DA771AAC3F0E0066D4D5 /* Supporting Files */,
			);
			name = iOS;
			path = ../UnitTest/Editor/iOS;
			sourceTree = SOURCE_ROOT;
		};
		0594DA771AAC3F0E0066D4D5 /* Supporting Files */ = {
			isa = PBXGroup;
			children = (
				0594DA781AAC3F0E0066D4D5 /* Info.plist */,
				0594DA791AAC3F0E0066D4D5 /* main.m */,
			);
			name = "Supporting Files";
			sourceTree = "<group>";
		};
		0594DA9B1AAC3FBE0066D4D5 /* Editor */ = {
			isa = PBXGroup;
			children = (
				0594DA761AAC3F0E0066D4D5 /* iOS */,
			);
			name = Editor;
			path = ../UnitTest/Editor;
			sourceTree = SOURCE_ROOT;
		};
/* End PBXGroup section */

/* Begin PBXLegacyTarget section */
		055255C01A99F12D0021E915 /* Install */ = {
			isa = PBXLegacyTarget;
			buildArgumentsString = "-f ../../script/install.mk";
			buildConfigurationList = 055255C11A99F12D0021E915 /* Build configuration list for PBXLegacyTarget "Install" */;
			buildPhases = (
			);
			buildToolPath = /usr/bin/make;
			buildWorkingDirectory = "";
			dependencies = (
				05F5ABE21A99F8680053EC4B /* PBXTargetDependency */,
			);
			name = Install;
			passBuildSettingsInEnvironment = 1;
			productName = Install;
		};
/* End PBXLegacyTarget section */

/* Begin PBXNativeTarget section */
		0522E2331A99F00900080BE3 /* KGGlyphGraphics */ = {
			isa = PBXNativeTarget;
			buildConfigurationList = 0522E2481A99F00900080BE3 /* Build configuration list for PBXNativeTarget "KGGlyphGraphics" */;
			buildPhases = (
				0522E2301A99F00900080BE3 /* Sources */,
				0522E2311A99F00900080BE3 /* Frameworks */,
				0522E2321A99F00900080BE3 /* CopyFiles */,
			);
			buildRules = (
			);
			dependencies = (
			);
			name = KGGlyphGraphics;
			productName = KGGlyphGraphics;
			productReference = 0522E2341A99F00900080BE3 /* libKGGlyphGraphics.a */;
			productType = "com.apple.product-type.library.static";
		};
		055255CA1A99F81A0021E915 /* UnitTest */ = {
			isa = PBXNativeTarget;
			buildConfigurationList = 055255EB1A99F81A0021E915 /* Build configuration list for PBXNativeTarget "UnitTest" */;
			buildPhases = (
				055255C71A99F81A0021E915 /* Sources */,
				055255C81A99F81A0021E915 /* Frameworks */,
				055255C91A99F81A0021E915 /* Resources */,
			);
			buildRules = (
			);
			dependencies = (
				05F5ABE41A99F86F0053EC4B /* PBXTargetDependency */,
			);
			name = UnitTest;
			productName = UnitTest;
			productReference = 055255CB1A99F81A0021E915 /* UnitTest.app */;
			productType = "com.apple.product-type.application";
		};
		0594DA741AAC3F0E0066D4D5 /* UTGlyphEditor */ = {
			isa = PBXNativeTarget;
			buildConfigurationList = 0594DA991AAC3F0E0066D4D5 /* Build configuration list for PBXNativeTarget "UTGlyphEditor" */;
			buildPhases = (
				0594DA711AAC3F0E0066D4D5 /* Sources */,
				0594DA721AAC3F0E0066D4D5 /* Frameworks */,
				0594DA731AAC3F0E0066D4D5 /* Resources */,
			);
			buildRules = (
			);
			dependencies = (
				0594DA9E1AAC48DB0066D4D5 /* PBXTargetDependency */,
			);
			name = UTGlyphEditor;
			productName = UTGlyphEditor;
			productReference = 0594DA751AAC3F0E0066D4D5 /* UTGlyphEditor.app */;
			productType = "com.apple.product-type.application";
		};
/* End PBXNativeTarget section */

/* Begin PBXProject section */
		0522E22C1A99F00900080BE3 /* Project object */ = {
			isa = PBXProject;
			attributes = {
				LastUpgradeCheck = 0720;
				ORGANIZATIONNAME = "Steel Wheels Project";
				TargetAttributes = {
					0522E2331A99F00900080BE3 = {
						CreatedOnToolsVersion = 6.1.1;
					};
					055255C01A99F12D0021E915 = {
						CreatedOnToolsVersion = 6.1.1;
					};
					055255CA1A99F81A0021E915 = {
						CreatedOnToolsVersion = 6.1.1;
					};
					0594DA741AAC3F0E0066D4D5 = {
						CreatedOnToolsVersion = 6.1.1;
					};
				};
			};
			buildConfigurationList = 0522E22F1A99F00900080BE3 /* Build configuration list for PBXProject "KGGlyphGraphics" */;
			compatibilityVersion = "Xcode 3.2";
			developmentRegion = English;
			hasScannedForEncodings = 0;
			knownRegions = (
				en,
				Base,
			);
			mainGroup = 0522E22B1A99F00900080BE3;
			productRefGroup = 0522E2351A99F00900080BE3 /* Products */;
			projectDirPath = "";
			projectRoot = "";
			targets = (
				0522E2331A99F00900080BE3 /* KGGlyphGraphics */,
				055255C01A99F12D0021E915 /* Install */,
				055255CA1A99F81A0021E915 /* UnitTest */,
				0594DA741AAC3F0E0066D4D5 /* UTGlyphEditor */,
			);
		};
/* End PBXProject section */

/* Begin PBXResourcesBuildPhase section */
		055255C91A99F81A0021E915 /* Resources */ = {
			isa = PBXResourcesBuildPhase;
			buildActionMask = 2147483647;
			files = (
				055255D91A99F81A0021E915 /* Main.storyboard in Resources */,
				055255DE1A99F81A0021E915 /* LaunchScreen.xib in Resources */,
				055255DB1A99F81A0021E915 /* Images.xcassets in Resources */,
			);
			runOnlyForDeploymentPostprocessing = 0;
		};
		0594DA731AAC3F0E0066D4D5 /* Resources */ = {
			isa = PBXResourcesBuildPhase;
			buildActionMask = 2147483647;
			files = (
				05EF44C11B25EC71007689EB /* AppDefaults.plist in Resources */,
				0594DA831AAC3F0E0066D4D5 /* Main.storyboard in Resources */,
				0594DA881AAC3F0E0066D4D5 /* LaunchScreen.xib in Resources */,
				0594DA851AAC3F0E0066D4D5 /* Images.xcassets in Resources */,
			);
			runOnlyForDeploymentPostprocessing = 0;
		};
/* End PBXResourcesBuildPhase section */

/* Begin PBXSourcesBuildPhase section */
		0522E2301A99F00900080BE3 /* Sources */ = {
			isa = PBXSourcesBuildPhase;
			buildActionMask = 2147483647;
			files = (
				0591311C1AABC701006BEB9C /* KGGlyphEditableStroke.m in Sources */,
				05E60F1C1AF2443200ADC802 /* KGGlyphStrokeEditor.m in Sources */,
				05E60F191AF2372200ADC802 /* KGGlyphStrokeDrawer.m in Sources */,
				05E60F131AF22A9D00ADC802 /* KGGlyphVertexDrawer.m in Sources */,
				05E60F161AF232FF00ADC802 /* KGGlyphObject.m in Sources */,
			);
			runOnlyForDeploymentPostprocessing = 0;
		};
		055255C71A99F81A0021E915 /* Sources */ = {
			isa = PBXSourcesBuildPhase;
			buildActionMask = 2147483647;
			files = (
				055255D61A99F81A0021E915 /* ViewController.m in Sources */,
				055255D31A99F81A0021E915 /* AppDelegate.m in Sources */,
				055255D01A99F81A0021E915 /* main.m in Sources */,
			);
			runOnlyForDeploymentPostprocessing = 0;
		};
		0594DA711AAC3F0E0066D4D5 /* Sources */ = {
			isa = PBXSourcesBuildPhase;
			buildActionMask = 2147483647;
			files = (
				0594DA801AAC3F0E0066D4D5 /* ViewController.m in Sources */,
				0594DA7D1AAC3F0E0066D4D5 /* AppDelegate.m in Sources */,
				0594DA7A1AAC3F0E0066D4D5 /* main.m in Sources */,
			);
			runOnlyForDeploymentPostprocessing = 0;
		};
/* End PBXSourcesBuildPhase section */

/* Begin PBXTargetDependency section */
		0594DA9E1AAC48DB0066D4D5 /* PBXTargetDependency */ = {
			isa = PBXTargetDependency;
			target = 055255C01A99F12D0021E915 /* Install */;
			targetProxy = 0594DA9D1AAC48DB0066D4D5 /* PBXContainerItemProxy */;
		};
		05F5ABE21A99F8680053EC4B /* PBXTargetDependency */ = {
			isa = PBXTargetDependency;
			target = 0522E2331A99F00900080BE3 /* KGGlyphGraphics */;
			targetProxy = 05F5ABE11A99F8680053EC4B /* PBXContainerItemProxy */;
		};
		05F5ABE41A99F86F0053EC4B /* PBXTargetDependency */ = {
			isa = PBXTargetDependency;
			target = 055255C01A99F12D0021E915 /* Install */;
			targetProxy = 05F5ABE31A99F86F0053EC4B /* PBXContainerItemProxy */;
		};
/* End PBXTargetDependency section */

/* Begin PBXVariantGroup section */
		055255D71A99F81A0021E915 /* Main.storyboard */ = {
			isa = PBXVariantGroup;
			children = (
				055255D81A99F81A0021E915 /* Base */,
			);
			name = Main.storyboard;
			sourceTree = "<group>";
		};
		055255DC1A99F81A0021E915 /* LaunchScreen.xib */ = {
			isa = PBXVariantGroup;
			children = (
				055255DD1A99F81A0021E915 /* Base */,
			);
			name = LaunchScreen.xib;
			sourceTree = "<group>";
		};
		0594DA811AAC3F0E0066D4D5 /* Main.storyboard */ = {
			isa = PBXVariantGroup;
			children = (
				0594DA821AAC3F0E0066D4D5 /* Base */,
			);
			name = Main.storyboard;
			sourceTree = "<group>";
		};
		0594DA861AAC3F0E0066D4D5 /* LaunchScreen.xib */ = {
			isa = PBXVariantGroup;
			children = (
				0594DA871AAC3F0E0066D4D5 /* Base */,
			);
			name = LaunchScreen.xib;
			sourceTree = "<group>";
		};
/* End PBXVariantGroup section */

/* Begin XCBuildConfiguration section */
		0522E2461A99F00900080BE3 /* Debug */ = {
			isa = XCBuildConfiguration;
			buildSettings = {
				ALWAYS_SEARCH_USER_PATHS = NO;
				CLANG_CXX_LANGUAGE_STANDARD = "gnu++0x";
				CLANG_CXX_LIBRARY = "libc++";
				CLANG_ENABLE_MODULES = YES;
				CLANG_ENABLE_OBJC_ARC = YES;
				CLANG_WARN_BOOL_CONVERSION = YES;
				CLANG_WARN_CONSTANT_CONVERSION = YES;
				CLANG_WARN_DIRECT_OBJC_ISA_USAGE = YES_ERROR;
				CLANG_WARN_EMPTY_BODY = YES;
				CLANG_WARN_ENUM_CONVERSION = YES;
				CLANG_WARN_INT_CONVERSION = YES;
				CLANG_WARN_OBJC_ROOT_CLASS = YES_ERROR;
				CLANG_WARN_UNREACHABLE_CODE = YES;
				CLANG_WARN__DUPLICATE_METHOD_MATCH = YES;
				COPY_PHASE_STRIP = NO;
				ENABLE_STRICT_OBJC_MSGSEND = YES;
				ENABLE_TESTABILITY = YES;
				GCC_C_LANGUAGE_STANDARD = gnu99;
				GCC_DYNAMIC_NO_PIC = NO;
				GCC_OPTIMIZATION_LEVEL = 0;
				GCC_PREPROCESSOR_DEFINITIONS = (
					"DEBUG=1",
					"$(inherited)",
				);
				GCC_SYMBOLS_PRIVATE_EXTERN = NO;
				GCC_WARN_64_TO_32_BIT_CONVERSION = YES;
				GCC_WARN_ABOUT_RETURN_TYPE = YES_ERROR;
				GCC_WARN_UNDECLARED_SELECTOR = YES;
				GCC_WARN_UNINITIALIZED_AUTOS = YES_AGGRESSIVE;
				GCC_WARN_UNUSED_FUNCTION = YES;
				GCC_WARN_UNUSED_VARIABLE = YES;
				IPHONEOS_DEPLOYMENT_TARGET = 8.1;
				MTL_ENABLE_DEBUG_INFO = YES;
				ONLY_ACTIVE_ARCH = YES;
				SDKROOT = iphoneos;
			};
			name = Debug;
		};
		0522E2471A99F00900080BE3 /* Release */ = {
			isa = XCBuildConfiguration;
			buildSettings = {
				ALWAYS_SEARCH_USER_PATHS = NO;
				CLANG_CXX_LANGUAGE_STANDARD = "gnu++0x";
				CLANG_CXX_LIBRARY = "libc++";
				CLANG_ENABLE_MODULES = YES;
				CLANG_ENABLE_OBJC_ARC = YES;
				CLANG_WARN_BOOL_CONVERSION = YES;
				CLANG_WARN_CONSTANT_CONVERSION = YES;
				CLANG_WARN_DIRECT_OBJC_ISA_USAGE = YES_ERROR;
				CLANG_WARN_EMPTY_BODY = YES;
				CLANG_WARN_ENUM_CONVERSION = YES;
				CLANG_WARN_INT_CONVERSION = YES;
				CLANG_WARN_OBJC_ROOT_CLASS = YES_ERROR;
				CLANG_WARN_UNREACHABLE_CODE = YES;
				CLANG_WARN__DUPLICATE_METHOD_MATCH = YES;
				COPY_PHASE_STRIP = YES;
				ENABLE_NS_ASSERTIONS = NO;
				ENABLE_STRICT_OBJC_MSGSEND = YES;
				GCC_C_LANGUAGE_STANDARD = gnu99;
				GCC_WARN_64_TO_32_BIT_CONVERSION = YES;
				GCC_WARN_ABOUT_RETURN_TYPE = YES_ERROR;
				GCC_WARN_UNDECLARED_SELECTOR = YES;
				GCC_WARN_UNINITIALIZED_AUTOS = YES_AGGRESSIVE;
				GCC_WARN_UNUSED_FUNCTION = YES;
				GCC_WARN_UNUSED_VARIABLE = YES;
				IPHONEOS_DEPLOYMENT_TARGET = 8.1;
				MTL_ENABLE_DEBUG_INFO = NO;
				SDKROOT = iphoneos;
				VALIDATE_PRODUCT = YES;
			};
			name = Release;
		};
		0522E2491A99F00900080BE3 /* Debug */ = {
			isa = XCBuildConfiguration;
			buildSettings = {
				GCC_OPTIMIZATION_LEVEL = 2;
				GCC_TREAT_WARNINGS_AS_ERRORS = YES;
				HEADER_SEARCH_PATHS = (
					"$(inherited)",
					/Applications/Xcode.app/Contents/Developer/Toolchains/XcodeDefault.xctoolchain/usr/include,
					"$(HOME)/local/include",
				);
				LIBRARY_SEARCH_PATHS = "$(HOME)/local/lib";
				OTHER_CFLAGS = (
					"-W",
					"-Wall",
				);
				OTHER_LDFLAGS = (
					"-lKiwiControl",
					"-lKCGraphicsView",
					"-lKGGlyphData",
					"-lCoconutGraphics",
					"-ObjC",
				);
				PRODUCT_NAME = "$(TARGET_NAME)";
				SKIP_INSTALL = YES;
			};
			name = Debug;
		};
		0522E24A1A99F00900080BE3 /* Release */ = {
			isa = XCBuildConfiguration;
			buildSettings = {
				GCC_OPTIMIZATION_LEVEL = 2;
				GCC_TREAT_WARNINGS_AS_ERRORS = YES;
				HEADER_SEARCH_PATHS = (
					"$(inherited)",
					/Applications/Xcode.app/Contents/Developer/Toolchains/XcodeDefault.xctoolchain/usr/include,
					"$(HOME)/local/include",
				);
				LIBRARY_SEARCH_PATHS = "$(HOME)/local/lib";
				OTHER_CFLAGS = (
					"-W",
					"-Wall",
				);
				OTHER_LDFLAGS = (
					"-lKiwiControl",
					"-lKCGraphicsView",
					"-lKGGlyphData",
					"-lCoconutGraphics",
					"-ObjC",
				);
				PRODUCT_NAME = "$(TARGET_NAME)";
				SKIP_INSTALL = YES;
			};
			name = Release;
		};
		055255C21A99F12D0021E915 /* Debug */ = {
			isa = XCBuildConfiguration;
			buildSettings = {
				DEBUGGING_SYMBOLS = YES;
				GCC_GENERATE_DEBUGGING_SYMBOLS = YES;
				GCC_OPTIMIZATION_LEVEL = 0;
				GCC_PREPROCESSOR_DEFINITIONS = (
					"DEBUG=1",
					"$(inherited)",
				);
				MACOSX_DEPLOYMENT_TARGET = 10.10;
				OTHER_CFLAGS = "";
				OTHER_LDFLAGS = "";
				PRODUCT_NAME = "$(TARGET_NAME)";
				SDKROOT = macosx;
			};
			name = Debug;
		};
		055255C31A99F12D0021E915 /* Release */ = {
			isa = XCBuildConfiguration;
			buildSettings = {
				DEBUG_INFORMATION_FORMAT = "dwarf-with-dsym";
				MACOSX_DEPLOYMENT_TARGET = 10.10;
				OTHER_CFLAGS = "";
				OTHER_LDFLAGS = "";
				PRODUCT_NAME = "$(TARGET_NAME)";
				SDKROOT = macosx;
			};
			name = Release;
		};
		055255EC1A99F81A0021E915 /* Debug */ = {
			isa = XCBuildConfiguration;
			buildSettings = {
				ASSETCATALOG_COMPILER_APPICON_NAME = AppIcon;
				CODE_SIGN_IDENTITY = "";
				"CODE_SIGN_IDENTITY[sdk=iphoneos*]" = "";
				GCC_OPTIMIZATION_LEVEL = 2;
				GCC_PREPROCESSOR_DEFINITIONS = (
					"DEBUG=1",
					"$(inherited)",
				);
				GCC_TREAT_WARNINGS_AS_ERRORS = YES;
				HEADER_SEARCH_PATHS = (
					"$(inherited)",
					/Applications/Xcode.app/Contents/Developer/Toolchains/XcodeDefault.xctoolchain/usr/include,
					"$(HOME)/local/include",
				);
				INFOPLIST_FILE = ../UnitTest/Drawer/Info.plist;
				LD_RUNPATH_SEARCH_PATHS = "$(inherited) @executable_path/Frameworks";
				LIBRARY_SEARCH_PATHS = "$(HOME)/local/lib";
				OTHER_CFLAGS = (
					"-W",
					"-Wall",
				);
				OTHER_LDFLAGS = (
					"-lKiwiControl",
					"-lKGGlyphData",
					"-lKGGameData",
					"-lKGGlyphGraphics",
					"-lKCGraphicsView",
					"-lCoconutGraphics",
					"-lCoconut",
					"-Objc",
					"-all_load",
				);
				PRODUCT_BUNDLE_IDENTIFIER = "steel-wheels-project.$(PRODUCT_NAME:rfc1034identifier)";
				PRODUCT_NAME = "$(TARGET_NAME)";
				PROVISIONING_PROFILE = "";
				TARGETED_DEVICE_FAMILY = "1,2";
			};
			name = Debug;
		};
		055255ED1A99F81A0021E915 /* Release */ = {
			isa = XCBuildConfiguration;
			buildSettings = {
				ASSETCATALOG_COMPILER_APPICON_NAME = AppIcon;
				CODE_SIGN_IDENTITY = "";
				"CODE_SIGN_IDENTITY[sdk=iphoneos*]" = "";
				GCC_OPTIMIZATION_LEVEL = 2;
				GCC_TREAT_WARNINGS_AS_ERRORS = YES;
				HEADER_SEARCH_PATHS = (
					"$(inherited)",
					/Applications/Xcode.app/Contents/Developer/Toolchains/XcodeDefault.xctoolchain/usr/include,
					"$(HOME)/local/include",
				);
				INFOPLIST_FILE = ../UnitTest/Drawer/Info.plist;
				LD_RUNPATH_SEARCH_PATHS = "$(inherited) @executable_path/Frameworks";
				LIBRARY_SEARCH_PATHS = "$(HOME)/local/lib";
				OTHER_CFLAGS = (
					"-W",
					"-Wall",
				);
				OTHER_LDFLAGS = (
					"-lKiwiControl",
					"-lKGGlyphData",
					"-lKGGameData",
					"-lKGGlyphGraphics",
					"-lKCGraphicsView",
					"-lCoconutGraphics",
					"-lCoconut",
					"-Objc",
					"-all_load",
				);
				PRODUCT_BUNDLE_IDENTIFIER = "steel-wheels-project.$(PRODUCT_NAME:rfc1034identifier)";
				PRODUCT_NAME = "$(TARGET_NAME)";
				PROVISIONING_PROFILE = "";
				TARGETED_DEVICE_FAMILY = "1,2";
			};
			name = Release;
		};
		0594DA951AAC3F0E0066D4D5 /* Debug */ = {
			isa = XCBuildConfiguration;
			buildSettings = {
				ASSETCATALOG_COMPILER_APPICON_NAME = AppIcon;
				"CODE_SIGN_IDENTITY[sdk=iphoneos*]" = "iPhone Developer";
				GCC_OPTIMIZATION_LEVEL = 2;
				GCC_PREPROCESSOR_DEFINITIONS = (
					"DEBUG=1",
					"$(inherited)",
				);
				GCC_TREAT_WARNINGS_AS_ERRORS = YES;
				HEADER_SEARCH_PATHS = (
					"$(inherited)",
					/Applications/Xcode.app/Contents/Developer/Toolchains/XcodeDefault.xctoolchain/usr/include,
					"$(HOME)/local/include",
				);
				INFOPLIST_FILE = ../UnitTest/Editor/iOS/Info.plist;
				LD_RUNPATH_SEARCH_PATHS = "$(inherited) @executable_path/Frameworks";
				LIBRARY_SEARCH_PATHS = "$(HOME)/local/lib";
				OTHER_CFLAGS = (
					"-W",
					"-Wall",
				);
				OTHER_LDFLAGS = (
					"-lKGGlyphGraphics",
					"-lKCGraphicsView",
					"-lKGGlyphData",
					"-lKiwiControl",
					"-lCoconutGraphics",
					"-lKGGameData",
					"-lCoconut",
					"-all_load",
				);
				PRODUCT_BUNDLE_IDENTIFIER = "steel-wheels-project.$(PRODUCT_NAME:rfc1034identifier)";
				PRODUCT_NAME = "$(TARGET_NAME)";
				TARGETED_DEVICE_FAMILY = "1,2";
			};
			name = Debug;
		};
		0594DA961AAC3F0E0066D4D5 /* Release */ = {
			isa = XCBuildConfiguration;
			buildSettings = {
				ASSETCATALOG_COMPILER_APPICON_NAME = AppIcon;
				"CODE_SIGN_IDENTITY[sdk=iphoneos*]" = "iPhone Developer";
				GCC_OPTIMIZATION_LEVEL = 2;
				GCC_TREAT_WARNINGS_AS_ERRORS = YES;
				HEADER_SEARCH_PATHS = (
					"$(inherited)",
					/Applications/Xcode.app/Contents/Developer/Toolchains/XcodeDefault.xctoolchain/usr/include,
					"$(HOME)/local/include",
				);
				INFOPLIST_FILE = ../UnitTest/Editor/iOS/Info.plist;
				LD_RUNPATH_SEARCH_PATHS = "$(inherited) @executable_path/Frameworks";
				LIBRARY_SEARCH_PATHS = "$(HOME)/local/lib";
				OTHER_CFLAGS = (
					"-W",
					"-Wall",
				);
				OTHER_LDFLAGS = (
					"-lKGGlyphGraphics",
					"-lKCGraphicsView",
					"-lKGGlyphData",
					"-lKiwiControl",
					"-lCoconutGraphics",
					"-lKGGameData",
					"-lCoconut",
					"-all_load",
				);
				PRODUCT_BUNDLE_IDENTIFIER = "steel-wheels-project.$(PRODUCT_NAME:rfc1034identifier)";
				PRODUCT_NAME = "$(TARGET_NAME)";
				TARGETED_DEVICE_FAMILY = "1,2";
			};
			name = Release;
		};
/* End XCBuildConfiguration section */

/* Begin XCConfigurationList section */
		0522E22F1A99F00900080BE3 /* Build configuration list for PBXProject "KGGlyphGraphics" */ = {
			isa = XCConfigurationList;
			buildConfigurations = (
				0522E2461A99F00900080BE3 /* Debug */,
				0522E2471A99F00900080BE3 /* Release */,
			);
			defaultConfigurationIsVisible = 0;
			defaultConfigurationName = Release;
		};
		0522E2481A99F00900080BE3 /* Build configuration list for PBXNativeTarget "KGGlyphGraphics" */ = {
			isa = XCConfigurationList;
			buildConfigurations = (
				0522E2491A99F00900080BE3 /* Debug */,
				0522E24A1A99F00900080BE3 /* Release */,
			);
			defaultConfigurationIsVisible = 0;
			defaultConfigurationName = Release;
		};
		055255C11A99F12D0021E915 /* Build configuration list for PBXLegacyTarget "Install" */ = {
			isa = XCConfigurationList;
			buildConfigurations = (
				055255C21A99F12D0021E915 /* Debug */,
				055255C31A99F12D0021E915 /* Release */,
			);
			defaultConfigurationIsVisible = 0;
			defaultConfigurationName = Release;
		};
		055255EB1A99F81A0021E915 /* Build configuration list for PBXNativeTarget "UnitTest" */ = {
			isa = XCConfigurationList;
			buildConfigurations = (
				055255EC1A99F81A0021E915 /* Debug */,
				055255ED1A99F81A0021E915 /* Release */,
			);
			defaultConfigurationIsVisible = 0;
			defaultConfigurationName = Release;
		};
		0594DA991AAC3F0E0066D4D5 /* Build configuration list for PBXNativeTarget "UTGlyphEditor" */ = {
			isa = XCConfigurationList;
			buildConfigurations = (
				0594DA951AAC3F0E0066D4D5 /* Debug */,
				0594DA961AAC3F0E0066D4D5 /* Release */,
			);
			defaultConfigurationIsVisible = 0;
			defaultConfigurationName = Release;
		};
/* End XCConfigurationList section */
	};
	rootObject = 0522E22C1A99F00900080BE3 /* Project object */;
}
